{
  "name": "vcmcemtex",
  "version": "1.0.4",
  "lockfileVersion": 1,
  "requires": true,
  "dependencies": {
    "vcmloop": {
      "version": "1.0.2",
      "resolved": "https://registry.npmjs.org/vcmloop/-/vcmloop-1.0.2.tgz",
      "integrity": "sha512-TyDu2IfcV+HQAWf3Gx75d2iwZWOsw3vMql8Pq3uDGoJjLpNkd/0aqLy7KckW3rQWN6ALBPq6IE7KjllRrB9fww=="
    },
    "vcmpad": {
      "version": "1.0.5",
      "resolved": "https://registry.npmjs.org/vcmpad/-/vcmpad-1.0.5.tgz",
      "integrity": "sha512-8sDsrbMRCzoZL1ugv87dViIwaXeKIw621U+yRRd9HflMaF8uQhBazgufIqJggqAXeEyFBz+DuXVVJ+Nuo9AXzA=="
    }
  }
}
